
Microsoft Visual Studio Solution File, Format Version 12.00
# Visual Studio Version 17
VisualStudioVersion = 17.2.32519.379
MinimumVisualStudioVersion = 10.0.40219.1
Project("{FAE04EC0-301F-11D3-BF4B-00C04F79EFBC}") = "WebApiPlugin.Identity", "WebApiPlugin.Identity\WebApiPlugin.Identity.csproj", "{43359E12-47DD-40F7-A837-F61FBBD7BACE}"
EndProject
Global
	GlobalSection(SolutionConfigurationPlatforms) = preSolution
		Debug|Any CPU = Debug|Any CPU
		Release|Any CPU = Release|Any CPU
	EndGlobalSection
	GlobalSection(ProjectConfigurationPlatforms) = postSolution
		{43359E12-47DD-40F7-A837-F61FBBD7BACE}.Debug|Any CPU.ActiveCfg = Debug|Any CPU
		{43359E12-47DD-40F7-A837-F61FBBD7BACE}.Debug|Any CPU.Build.0 = Debug|Any CPU
		{43359E12-47DD-40F7-A837-F61FBBD7BACE}.Release|Any CPU.ActiveCfg = Release|Any CPU
		{43359E12-47DD-40F7-A837-F61FBBD7BACE}.Release|Any CPU.Build.0 = Release|Any CPU
	EndGlobalSection
	GlobalSection(SolutionProperties) = preSolution
		HideSolutionNode = FALSE
	EndGlobalSection
	GlobalSection(ExtensibilityGlobals) = postSolution
		SolutionGuid = {BE435ADA-3E72-4859-B32A-C7E58D0E246A}
	EndGlobalSection
EndGlobal
